
Microsoft Visual Studio Solution File, Format Version 12.00
# Visual Studio Version 16
VisualStudioVersion = 16.0.29806.167
MinimumVisualStudioVersion = 10.0.40219.1
Project("{2150E333-8FDC-42A3-9474-1A3956D46DE8}") = "Docs", "Docs", "{7C408D0E-F297-40D0-A461-95D214844297}"
EndProject
Project("{2150E333-8FDC-42A3-9474-1A3956D46DE8}") = "Src", "Src", "{074FA4F3-C6FC-4631-9866-DFBCAC3B88F5}"
EndProject
Project("{9A19103F-16F7-4668-BE54-9A1E7A4F7556}") = "ILoveBaku.Domain", "ILoveBaku.Domain\ILoveBaku.Domain.csproj", "{F167A696-4C93-44CF-B41C-AA37AFF35DED}"
EndProject
Project("{9A19103F-16F7-4668-BE54-9A1E7A4F7556}") = "ILoveBaku.Application", "ILoveBaku.Application\ILoveBaku.Application.csproj", "{33001FFB-2A1A-4D8F-B999-D1A0046DF19C}"
EndProject
Project("{9A19103F-16F7-4668-BE54-9A1E7A4F7556}") = "ILoveBaku.Infrastructure", "ILoveBaku.Infrastructure\ILoveBaku.Infrastructure.csproj", "{F8C51F56-98D8-4A83-8662-865C5D337630}"
EndProject
Project("{2150E333-8FDC-42A3-9474-1A3956D46DE8}") = "Presentation", "Presentation", "{FAD2B837-2E82-42FE-AB15-720A3355A55F}"
EndProject
Project("{9A19103F-16F7-4668-BE54-9A1E7A4F7556}") = "ILoveBaku.MVC", "ILoveBaku.MVC\ILoveBaku.MVC.csproj", "{DE8C4713-9D36-4ABA-B449-077B6EEFF08A}"
EndProject
Project("{9A19103F-16F7-4668-BE54-9A1E7A4F7556}") = "ILoveBaku.API", "ILoveBaku.API\ILoveBaku.API.csproj", "{5A194A36-4D96-4D6D-B22B-D671DE65D861}"
EndProject
Project("{2150E333-8FDC-42A3-9474-1A3956D46DE8}") = "Core", "Core", "{325109BE-A0DB-4021-9DB9-38D136393EE8}"
EndProject
Project("{2150E333-8FDC-42A3-9474-1A3956D46DE8}") = "Infrastructure", "Infrastructure", "{7685280A-FA9A-41A5-9D28-382F0276A2DF}"
EndProject
Global
	GlobalSection(SolutionConfigurationPlatforms) = preSolution
		Debug|Any CPU = Debug|Any CPU
		Release|Any CPU = Release|Any CPU
	EndGlobalSection
	GlobalSection(ProjectConfigurationPlatforms) = postSolution
		{F167A696-4C93-44CF-B41C-AA37AFF35DED}.Debug|Any CPU.ActiveCfg = Debug|Any CPU
		{F167A696-4C93-44CF-B41C-AA37AFF35DED}.Debug|Any CPU.Build.0 = Debug|Any CPU
		{F167A696-4C93-44CF-B41C-AA37AFF35DED}.Release|Any CPU.ActiveCfg = Release|Any CPU
		{F167A696-4C93-44CF-B41C-AA37AFF35DED}.Release|Any CPU.Build.0 = Release|Any CPU
		{33001FFB-2A1A-4D8F-B999-D1A0046DF19C}.Debug|Any CPU.ActiveCfg = Debug|Any CPU
		{33001FFB-2A1A-4D8F-B999-D1A0046DF19C}.Debug|Any CPU.Build.0 = Debug|Any CPU
		{33001FFB-2A1A-4D8F-B999-D1A0046DF19C}.Release|Any CPU.ActiveCfg = Release|Any CPU
		{33001FFB-2A1A-4D8F-B999-D1A0046DF19C}.Release|Any CPU.Build.0 = Release|Any CPU
		{F8C51F56-98D8-4A83-8662-865C5D337630}.Debug|Any CPU.ActiveCfg = Debug|Any CPU
		{F8C51F56-98D8-4A83-8662-865C5D337630}.Debug|Any CPU.Build.0 = Debug|Any CPU
		{F8C51F56-98D8-4A83-8662-865C5D337630}.Release|Any CPU.ActiveCfg = Release|Any CPU
		{F8C51F56-98D8-4A83-8662-865C5D337630}.Release|Any CPU.Build.0 = Release|Any CPU
		{DE8C4713-9D36-4ABA-B449-077B6EEFF08A}.Debug|Any CPU.ActiveCfg = Debug|Any CPU
		{DE8C4713-9D36-4ABA-B449-077B6EEFF08A}.Debug|Any CPU.Build.0 = Debug|Any CPU
		{DE8C4713-9D36-4ABA-B449-077B6EEFF08A}.Release|Any CPU.ActiveCfg = Release|Any CPU
		{DE8C4713-9D36-4ABA-B449-077B6EEFF08A}.Release|Any CPU.Build.0 = Release|Any CPU
		{5A194A36-4D96-4D6D-B22B-D671DE65D861}.Debug|Any CPU.ActiveCfg = Debug|Any CPU
		{5A194A36-4D96-4D6D-B22B-D671DE65D861}.Debug|Any CPU.Build.0 = Debug|Any CPU
		{5A194A36-4D96-4D6D-B22B-D671DE65D861}.Release|Any CPU.ActiveCfg = Release|Any CPU
		{5A194A36-4D96-4D6D-B22B-D671DE65D861}.Release|Any CPU.Build.0 = Release|Any CPU
	EndGlobalSection
	GlobalSection(SolutionProperties) = preSolution
		HideSolutionNode = FALSE
	EndGlobalSection
	GlobalSection(NestedProjects) = preSolution
		{F167A696-4C93-44CF-B41C-AA37AFF35DED} = {325109BE-A0DB-4021-9DB9-38D136393EE8}
		{33001FFB-2A1A-4D8F-B999-D1A0046DF19C} = {325109BE-A0DB-4021-9DB9-38D136393EE8}
		{F8C51F56-98D8-4A83-8662-865C5D337630} = {7685280A-FA9A-41A5-9D28-382F0276A2DF}
		{FAD2B837-2E82-42FE-AB15-720A3355A55F} = {074FA4F3-C6FC-4631-9866-DFBCAC3B88F5}
		{DE8C4713-9D36-4ABA-B449-077B6EEFF08A} = {FAD2B837-2E82-42FE-AB15-720A3355A55F}
		{5A194A36-4D96-4D6D-B22B-D671DE65D861} = {FAD2B837-2E82-42FE-AB15-720A3355A55F}
		{325109BE-A0DB-4021-9DB9-38D136393EE8} = {074FA4F3-C6FC-4631-9866-DFBCAC3B88F5}
		{7685280A-FA9A-41A5-9D28-382F0276A2DF} = {074FA4F3-C6FC-4631-9866-DFBCAC3B88F5}
	EndGlobalSection
	GlobalSection(ExtensibilityGlobals) = postSolution
		SolutionGuid = {5AFDF41C-DEDA-4BA4-BB9F-9DC81E857993}
	EndGlobalSection
EndGlobal
